
Microsoft Visual Studio Solution File, Format Version 12.00
# Visual Studio Version 16
VisualStudioVersion = 16.0.31515.178
MinimumVisualStudioVersion = 10.0.40219.1
Project("{FAE04EC0-301F-11D3-BF4B-00C04F79EFBC}") = "BlogsApplication", "BlogsApplication\BlogsApplication.csproj", "{44CB101C-49A6-4F2B-A782-EB15EC576312}"
EndProject
Project("{FAE04EC0-301F-11D3-BF4B-00C04F79EFBC}") = "BlogsApplication.BusinessLayer", "BlogsApplication.BusinessLayer\BlogsApplication.BusinessLayer.csproj", "{26A3CE05-A79C-4408-8CDE-F87FD42C2F05}"
EndProject
Project("{FAE04EC0-301F-11D3-BF4B-00C04F79EFBC}") = "BlogsApplication.DataLayer", "BlogsApplication.DataLayer\BlogsApplication.DataLayer.csproj", "{C353EAEE-63CE-495D-9AB6-F1EF4DCA2E3F}"
EndProject
Project("{FAE04EC0-301F-11D3-BF4B-00C04F79EFBC}") = "BlogsApplication.Entities", "BlogsApplication.Entities\BlogsApplication.Entities.csproj", "{3C1FAA2E-1AEF-4BC6-8659-1D0DFF33EEFA}"
EndProject
Project("{FAE04EC0-301F-11D3-BF4B-00C04F79EFBC}") = "BlogsApplication.Tests", "BlogsApplication.Tests\BlogsApplication.Tests.csproj", "{3F3C174D-2512-41C6-AB8F-ED617D98D007}"
EndProject
Global
	GlobalSection(SolutionConfigurationPlatforms) = preSolution
		Debug|Any CPU = Debug|Any CPU
		Release|Any CPU = Release|Any CPU
	EndGlobalSection
	GlobalSection(ProjectConfigurationPlatforms) = postSolution
		{44CB101C-49A6-4F2B-A782-EB15EC576312}.Debug|Any CPU.ActiveCfg = Debug|Any CPU
		{44CB101C-49A6-4F2B-A782-EB15EC576312}.Debug|Any CPU.Build.0 = Debug|Any CPU
		{44CB101C-49A6-4F2B-A782-EB15EC576312}.Release|Any CPU.ActiveCfg = Release|Any CPU
		{44CB101C-49A6-4F2B-A782-EB15EC576312}.Release|Any CPU.Build.0 = Release|Any CPU
		{26A3CE05-A79C-4408-8CDE-F87FD42C2F05}.Debug|Any CPU.ActiveCfg = Debug|Any CPU
		{26A3CE05-A79C-4408-8CDE-F87FD42C2F05}.Debug|Any CPU.Build.0 = Debug|Any CPU
		{26A3CE05-A79C-4408-8CDE-F87FD42C2F05}.Release|Any CPU.ActiveCfg = Release|Any CPU
		{26A3CE05-A79C-4408-8CDE-F87FD42C2F05}.Release|Any CPU.Build.0 = Release|Any CPU
		{C353EAEE-63CE-495D-9AB6-F1EF4DCA2E3F}.Debug|Any CPU.ActiveCfg = Debug|Any CPU
		{C353EAEE-63CE-495D-9AB6-F1EF4DCA2E3F}.Debug|Any CPU.Build.0 = Debug|Any CPU
		{C353EAEE-63CE-495D-9AB6-F1EF4DCA2E3F}.Release|Any CPU.ActiveCfg = Release|Any CPU
		{C353EAEE-63CE-495D-9AB6-F1EF4DCA2E3F}.Release|Any CPU.Build.0 = Release|Any CPU
		{3C1FAA2E-1AEF-4BC6-8659-1D0DFF33EEFA}.Debug|Any CPU.ActiveCfg = Debug|Any CPU
		{3C1FAA2E-1AEF-4BC6-8659-1D0DFF33EEFA}.Debug|Any CPU.Build.0 = Debug|Any CPU
		{3C1FAA2E-1AEF-4BC6-8659-1D0DFF33EEFA}.Release|Any CPU.ActiveCfg = Release|Any CPU
		{3C1FAA2E-1AEF-4BC6-8659-1D0DFF33EEFA}.Release|Any CPU.Build.0 = Release|Any CPU
		{3F3C174D-2512-41C6-AB8F-ED617D98D007}.Debug|Any CPU.ActiveCfg = Debug|Any CPU
		{3F3C174D-2512-41C6-AB8F-ED617D98D007}.Debug|Any CPU.Build.0 = Debug|Any CPU
		{3F3C174D-2512-41C6-AB8F-ED617D98D007}.Release|Any CPU.ActiveCfg = Release|Any CPU
		{3F3C174D-2512-41C6-AB8F-ED617D98D007}.Release|Any CPU.Build.0 = Release|Any CPU
	EndGlobalSection
	GlobalSection(SolutionProperties) = preSolution
		HideSolutionNode = FALSE
	EndGlobalSection
	GlobalSection(ExtensibilityGlobals) = postSolution
		SolutionGuid = {30D3AC3D-9803-486B-9A6C-D03E379D6F7E}
	EndGlobalSection
EndGlobal
